// !$*UTF8*$!
{
	archiveVersion = 1;
	classes = {
	};
	objectVersion = 46;
	objects = {

/* Begin PBXBuildFile section */
		550FE8951C1E06470061A033 /* AppDelegate.swift in Sources */ = {isa = PBXBuildFile; fileRef = 550FE8941C1E06470061A033 /* AppDelegate.swift */; };
		550FE8971C1E06470061A033 /* ViewController.swift in Sources */ = {isa = PBXBuildFile; fileRef = 550FE8961C1E06470061A033 /* ViewController.swift */; };
		550FE89A1C1E06470061A033 /* Main.storyboard in Resources */ = {isa = PBXBuildFile; fileRef = 550FE8981C1E06470061A033 /* Main.storyboard */; };
		550FE89C1C1E06470061A033 /* Assets.xcassets in Resources */ = {isa = PBXBuildFile; fileRef = 550FE89B1C1E06470061A033 /* Assets.xcassets */; };
		550FE89F1C1E06470061A033 /* LaunchScreen.storyboard in Resources */ = {isa = PBXBuildFile; fileRef = 550FE89D1C1E06470061A033 /* LaunchScreen.storyboard */; };
/* End PBXBuildFile section */

/* Begin PBXFileReference section */
		550FE8911C1E06470061A033 /* addMultiples.app */ = {isa = PBXFileReference; explicitFileType = wrapper.application; includeInIndex = 0; path = addMultiples.app; sourceTree = BUILT_PRODUCTS_DIR; };
		550FE8941C1E06470061A033 /* AppDelegate.swift */ = {isa = PBXFileReference; lastKnownFileType = sourcecode.swift; path = AppDelegate.swift; sourceTree = "<group>"; };
		550FE8961C1E06470061A033 /* ViewController.swift */ = {isa = PBXFileReference; lastKnownFileType = sourcecode.swift; path = ViewController.swift; sourceTree = "<group>"; };
		550FE8991C1E06470061A033 /* Base */ = {isa = PBXFileReference; lastKnownFileType = file.storyboard; name = Base; path = Base.lproj/Main.storyboard; sourceTree = "<group>"; };
		550FE89B1C1E06470061A033 /* Assets.xcassets */ = {isa = PBXFileReference; lastKnownFileType = folder.assetcatalog; path = Assets.xcassets; sourceTree = "<group>"; };
		550FE89E1C1E06470061A033 /* Base */ = {isa = PBXFileReference; lastKnownFileType = file.storyboard; name = Base; path = Base.lproj/LaunchScreen.storyboard; sourceTree = "<group>"; };
		550FE8A01C1E06470061A033 /* Info.plist */ = {isa = PBXFileReference; lastKnownFileType = text.plist.xml; path = Info.plist; sourceTree = "<group>"; };
/* End PBXFileReference section */

/* Begin PBXFrameworksBuildPhase section */
		550FE88E1C1E06470061A033 /* Frameworks */ = {
			isa = PBXFrameworksBuildPhase;
			buildActionMask = 2147483647;
			files = (
			);
			runOnlyForDeploymentPostprocessing = 0;
		};
/* End PBXFrameworksBuildPhase section */

/* Begin PBXGroup section */
		550FE8881C1E06460061A033 = {
			isa = PBXGroup;
			children = (
				550FE8931C1E06470061A033 /* addMultiples */,
				550FE8921C1E06470061A033 /* Products */,
			);
			sourceTree = "<group>";
		};
		550FE8921C1E06470061A033 /* Products */ = {
			isa = PBXGroup;
			children = (
				550FE8911C1E06470061A033 /* addMultiples.app */,
			);
			name = Products;
			sourceTree = "<group>";
		};
		550FE8931C1E06470061A033 /* addMultiples */ = {
			isa = PBXGroup;
			children = (
				550FE8941C1E06470061A033 /* AppDelegate.swift */,
				550FE8961C1E06470061A033 /* ViewController.swift */,
				550FE8981C1E06470061A033 /* Main.storyboard */,
				550FE89B1C1E06470061A033 /* Assets.xcassets */,
				550FE89D1C1E06470061A033 /* LaunchScreen.storyboard */,
				550FE8A01C1E06470061A033 /* Info.plist */,
			);
			path = addMultiples;
			sourceTree = "<group>";
		};
/* End PBXGroup section */

/* Begin PBXNativeTarget section */
		550FE8901C1E06470061A033 /* addMultiples */ = {
			isa = PBXNativeTarget;
			buildConfigurationList = 550FE8A31C1E06470061A033 /* Build configuration list for PBXNativeTarget "addMultiples" */;
			buildPhases = (
				550FE88D1C1E06470061A033 /* Sources */,
				550FE88E1C1E06470061A033 /* Frameworks */,
				550FE88F1C1E06470061A033 /* Resources */,
			);
			buildRules = (
			);
			dependencies = (
			);
			name = addMultiples;
			productName = addMultiples;
			productReference = 550FE8911C1E06470061A033 /* addMultiples.app */;
			productType = "com.apple.product-type.application";
		};
/* End PBXNativeTarget section */

/* Begin PBXProject section */
		550FE8891C1E06460061A033 /* Project object */ = {
			isa = PBXProject;
			attributes = {
				LastSwiftUpdateCheck = 0720;
				LastUpgradeCheck = 0720;
				ORGANIZATIONNAME = "Kaeleb Rocha";
				TargetAttributes = {
					550FE8901C1E06470061A033 = {
						CreatedOnToolsVersion = 7.2;
						DevelopmentTeam = 93U35RQS2N;
					};
				};
			};
			buildConfigurationList = 550FE88C1C1E06460061A033 /* Build configuration list for PBXProject "addMultiples" */;
			compatibilityVersion = "Xcode 3.2";
			developmentRegion = English;
			hasScannedForEncodings = 0;
			knownRegions = (
				en,
				Base,
			);
			mainGroup = 550FE8881C1E06460061A033;
			productRefGroup = 550FE8921C1E06470061A033 /* Products */;
			projectDirPath = "";
			projectRoot = "";
			targets = (
				550FE8901C1E06470061A033 /* addMultiples */,
			);
		};
/* End PBXProject section */

/* Begin PBXResourcesBuildPhase section */
		550FE88F1C1E06470061A033 /* Resources */ = {
			isa = PBXResourcesBuildPhase;
			buildActionMask = 2147483647;
			files = (
				550FE89F1C1E06470061A033 /* LaunchScreen.storyboard in Resources */,
				550FE89C1C1E06470061A033 /* Assets.xcassets in Resources */,
				550FE89A1C1E06470061A033 /* Main.storyboard in Resources */,
			);
			runOnlyForDeploymentPostprocessing = 0;
		};
/* End PBXResourcesBuildPhase section */

/* Begin PBXSourcesBuildPhase section */
		550FE88D1C1E06470061A033 /* Sources */ = {
			isa = PBXSourcesBuildPhase;
			buildActionMask = 2147483647;
			files = (
				550FE8971C1E06470061A033 /* ViewController.swift in Sources */,
				550FE8951C1E06470061A033 /* AppDelegate.swift in Sources */,
			);
			runOnlyForDeploymentPostprocessing = 0;
		};
/* End PBXSourcesBuildPhase section */

/* Begin PBXVariantGroup section */
		550FE8981C1E06470061A033 /* Main.storyboard */ = {
			isa = PBXVariantGroup;
			children = (
				550FE8991C1E06470061A033 /* Base */,
			);
			name = Main.storyboard;
			sourceTree = "<group>";
		};
		550FE89D1C1E06470061A033 /* LaunchScreen.storyboard */ = {
			isa = PBXVariantGroup;
			children = (
				550FE89E1C1E06470061A033 /* Base */,
			);
			name = LaunchScreen.storyboard;
			sourceTree = "<group>";
		};
/* End PBXVariantGroup section */

/* Begin XCBuildConfiguration section */
		550FE8A11C1E06470061A033 /* Debug */ = {
			isa = XCBuildConfiguration;
			buildSettings = {
				ALWAYS_SEARCH_USER_PATHS = NO;
				CLANG_CXX_LANGUAGE_STANDARD = "gnu++0x";
				CLANG_CXX_LIBRARY = "libc++";
				CLANG_ENABLE_MODULES = YES;
				CLANG_ENABLE_OBJC_ARC = YES;
				CLANG_WARN_BOOL_CONVERSION = YES;
				CLANG_WARN_CONSTANT_CONVERSION = YES;
				CLANG_WARN_DIRECT_OBJC_ISA_USAGE = YES_ERROR;
				CLANG_WARN_EMPTY_BODY = YES;
				CLANG_WARN_ENUM_CONVERSION = YES;
				CLANG_WARN_INT_CONVERSION = YES;
				CLANG_WARN_OBJC_ROOT_CLASS = YES_ERROR;
				CLANG_WARN_UNREACHABLE_CODE = YES;
				CLANG_WARN__DUPLICATE_METHOD_MATCH = YES;
				"CODE_SIGN_IDENTITY[sdk=iphoneos*]" = "iPhone Developer";
				COPY_PHASE_STRIP = NO;
				DEBUG_INFORMATION_FORMAT = dwarf;
				ENABLE_STRICT_OBJC_MSGSEND = YES;
				ENABLE_TESTABILITY = YES;
				GCC_C_LANGUAGE_STANDARD = gnu99;
				GCC_DYNAMIC_NO_PIC = NO;
				GCC_NO_COMMON_BLOCKS = YES;
				GCC_OPTIMIZATION_LEVEL = 0;
				GCC_PREPROCESSOR_DEFINITIONS = (
					"DEBUG=1",
					"$(inherited)",
				);
				GCC_WARN_64_TO_32_BIT_CONVERSION = YES;
				GCC_WARN_ABOUT_RETURN_TYPE = YES_ERROR;
				GCC_WARN_UNDECLARED_SELECTOR = YES;
				GCC_WARN_UNINITIALIZED_AUTOS = YES_AGGRESSIVE;
				GCC_WARN_UNUSED_FUNCTION = YES;
				GCC_WARN_UNUSED_VARIABLE = YES;
				IPHONEOS_DEPLOYMENT_TARGET = 9.2;
				MTL_ENABLE_DEBUG_INFO = YES;
				ONLY_ACTIVE_ARCH = YES;
				SDKROOT = iphoneos;
				SWIFT_OPTIMIZATION_LEVEL = "-Onone";
			};
			name = Debug;
		};
		550FE8A21C1E06470061A033 /* Release */ = {
			isa = XCBuildConfiguration;
			buildSettings = {
				ALWAYS_SEARCH_USER_PATHS = NO;
				CLANG_CXX_LANGUAGE_STANDARD = "gnu++0x";
				CLANG_CXX_LIBRARY = "libc++";
				CLANG_ENABLE_MODULES = YES;
				CLANG_ENABLE_OBJC_ARC = YES;
				CLANG_WARN_BOOL_CONVERSION = YES;
				CLANG_WARN_CONSTANT_CONVERSION = YES;
				CLANG_WARN_DIRECT_OBJC_ISA_USAGE = YES_ERROR;
				CLANG_WARN_EMPTY_BODY = YES;
				CLANG_WARN_ENUM_CONVERSION = YES;
				CLANG_WARN_INT_CONVERSION = YES;
				CLANG_WARN_OBJC_ROOT_CLASS = YES_ERROR;
				CLANG_WARN_UNREACHABLE_CODE = YES;
				CLANG_WARN__DUPLICATE_METHOD_MATCH = YES;
				"CODE_SIGN_IDENTITY[sdk=iphoneos*]" = "iPhone Developer";
				COPY_PHASE_STRIP = NO;
				DEBUG_INFORMATION_FORMAT = "dwarf-with-dsym";
				ENABLE_NS_ASSERTIONS = NO;
				ENABLE_STRICT_OBJC_MSGSEND = YES;
				GCC_C_LANGUAGE_STANDARD = gnu99;
				GCC_NO_COMMON_BLOCKS = YES;
				GCC_WARN_64_TO_32_BIT_CONVERSION = YES;
				GCC_WARN_ABOUT_RETURN_TYPE = YES_ERROR;
				GCC_WARN_UNDECLARED_SELECTOR = YES;
				GCC_WARN_UNINITIALIZED_AUTOS = YES_AGGRESSIVE;
				GCC_WARN_UNUSED_FUNCTION = YES;
				GCC_WARN_UNUSED_VARIABLE = YES;
				IPHONEOS_DEPLOYMENT_TARGET = 9.2;
				MTL_ENABLE_DEBUG_INFO = NO;
				SDKROOT = iphoneos;
				VALIDATE_PRODUCT = YES;
			};
			name = Release;
		};
		550FE8A41C1E06470061A033 /* Debug */ = {
			isa = XCBuildConfiguration;
			buildSettings = {
				ASSETCATALOG_COMPILER_APPICON_NAME = AppIcon;
				INFOPLIST_FILE = addMultiples/Info.plist;
				LD_RUNPATH_SEARCH_PATHS = "$(inherited) @executable_path/Frameworks";
				PRODUCT_BUNDLE_IDENTIFIER = edu.kaelebrocha.addMultiples;
				PRODUCT_NAME = "$(TARGET_NAME)";
				TARGETED_DEVICE_FAMILY = "1,2";
			};
			name = Debug;
		};
		550FE8A51C1E06470061A033 /* Release */ = {
			isa = XCBuildConfiguration;
			buildSettings = {
				ASSETCATALOG_COMPILER_APPICON_NAME = AppIcon;
				INFOPLIST_FILE = addMultiples/Info.plist;
				LD_RUNPATH_SEARCH_PATHS = "$(inherited) @executable_path/Frameworks";
				PRODUCT_BUNDLE_IDENTIFIER = edu.kaelebrocha.addMultiples;
				PRODUCT_NAME = "$(TARGET_NAME)";
				TARGETED_DEVICE_FAMILY = "1,2";
			};
			name = Release;
		};
/* End XCBuildConfiguration section */

/* Begin XCConfigurationList section */
		550FE88C1C1E06460061A033 /* Build configuration list for PBXProject "addMultiples" */ = {
			isa = XCConfigurationList;
			buildConfigurations = (
				550FE8A11C1E06470061A033 /* Debug */,
				550FE8A21C1E06470061A033 /* Release */,
			);
			defaultConfigurationIsVisible = 0;
			defaultConfigurationName = Release;
		};
		550FE8A31C1E06470061A033 /* Build configuration list for PBXNativeTarget "addMultiples" */ = {
			isa = XCConfigurationList;
			buildConfigurations = (
				550FE8A41C1E06470061A033 /* Debug */,
				550FE8A51C1E06470061A033 /* Release */,
			);
			defaultConfigurationIsVisible = 0;
		};
/* End XCConfigurationList section */
	};
	rootObject = 550FE8891C1E06460061A033 /* Project object */;
}
